
Microsoft Visual Studio Solution File, Format Version 12.00
# Visual Studio Version 17
VisualStudioVersion = 17.11.35312.102
MinimumVisualStudioVersion = 10.0.40219.1
Project("{FAE04EC0-301F-11D3-BF4B-00C04F79EFBC}") = "BasilioMixer", "BasilioMixer.csproj", "{D4A6BB5F-57C6-4ED1-8E9C-1368F3294DF5}"
EndProject
Global
	GlobalSection(SolutionConfigurationPlatforms) = preSolution
		Debug|Any CPU = Debug|Any CPU
		Release|Any CPU = Release|Any CPU
	EndGlobalSection
	GlobalSection(ProjectConfigurationPlatforms) = postSolution
		{D4A6BB5F-57C6-4ED1-8E9C-1368F3294DF5}.Debug|Any CPU.ActiveCfg = Debug|Any CPU
		{D4A6BB5F-57C6-4ED1-8E9C-1368F3294DF5}.Debug|Any CPU.Build.0 = Debug|Any CPU
		{D4A6BB5F-57C6-4ED1-8E9C-1368F3294DF5}.Release|Any CPU.ActiveCfg = Release|Any CPU
		{D4A6BB5F-57C6-4ED1-8E9C-1368F3294DF5}.Release|Any CPU.Build.0 = Release|Any CPU
	EndGlobalSection
	GlobalSection(SolutionProperties) = preSolution
		HideSolutionNode = FALSE
	EndGlobalSection
	GlobalSection(ExtensibilityGlobals) = postSolution
		SolutionGuid = {BF1C65E1-EAF3-489D-BF23-0C7E2770A4F0}
	EndGlobalSection
EndGlobal
